// !$*UTF8*$!
{
	archiveVersion = 1;
	classes = {
	};
	objectVersion = 46;
	objects = {

/* Begin PBXBuildFile section */
		048FF3AE1EF7D114003BF979 /* main.m in Sources */ = {isa = PBXBuildFile; fileRef = 048FF3AD1EF7D114003BF979 /* main.m */; };
		048FF3B11EF7D114003BF979 /* AppDelegate.m in Sources */ = {isa = PBXBuildFile; fileRef = 048FF3B01EF7D114003BF979 /* AppDelegate.m */; };
		048FF3B41EF7D114003BF979 /* ViewController.m in Sources */ = {isa = PBXBuildFile; fileRef = 048FF3B31EF7D114003BF979 /* ViewController.m */; };
		048FF3B71EF7D114003BF979 /* Main.storyboard in Resources */ = {isa = PBXBuildFile; fileRef = 048FF3B51EF7D114003BF979 /* Main.storyboard */; };
		048FF3B91EF7D114003BF979 /* Assets.xcassets in Resources */ = {isa = PBXBuildFile; fileRef = 048FF3B81EF7D114003BF979 /* Assets.xcassets */; };
		048FF3BC1EF7D114003BF979 /* LaunchScreen.storyboard in Resources */ = {isa = PBXBuildFile; fileRef = 048FF3BA1EF7D114003BF979 /* LaunchScreen.storyboard */; };
		048FF3C71EF7D114003BF979 /* XFAVFoundationTests.m in Sources */ = {isa = PBXBuildFile; fileRef = 048FF3C61EF7D114003BF979 /* XFAVFoundationTests.m */; };
		048FF3D21EF7D114003BF979 /* XFAVFoundationUITests.m in Sources */ = {isa = PBXBuildFile; fileRef = 048FF3D11EF7D114003BF979 /* XFAVFoundationUITests.m */; };
		048FF4051EF7EF82003BF979 /* XFCameraButton.m in Sources */ = {isa = PBXBuildFile; fileRef = 048FF3FC1EF7EF82003BF979 /* XFCameraButton.m */; };
		048FF4061EF7EF82003BF979 /* XFCameraController.m in Sources */ = {isa = PBXBuildFile; fileRef = 048FF3FE1EF7EF82003BF979 /* XFCameraController.m */; };
		048FF4071EF7EF82003BF979 /* XFCameraController.xib in Resources */ = {isa = PBXBuildFile; fileRef = 048FF3FF1EF7EF82003BF979 /* XFCameraController.xib */; };
		048FF4081EF7EF82003BF979 /* XFPhotoLibraryManager.m in Sources */ = {isa = PBXBuildFile; fileRef = 048FF4021EF7EF82003BF979 /* XFPhotoLibraryManager.m */; };
/* End PBXBuildFile section */

/* Begin PBXContainerItemProxy section */
		048FF3C31EF7D114003BF979 /* PBXContainerItemProxy */ = {
			isa = PBXContainerItemProxy;
			containerPortal = 048FF3A11EF7D114003BF979 /* Project object */;
			proxyType = 1;
			remoteGlobalIDString = 048FF3A81EF7D114003BF979;
			remoteInfo = XFAVFoundation;
		};
		048FF3CE1EF7D114003BF979 /* PBXContainerItemProxy */ = {
			isa = PBXContainerItemProxy;
			containerPortal = 048FF3A11EF7D114003BF979 /* Project object */;
			proxyType = 1;
			remoteGlobalIDString = 048FF3A81EF7D114003BF979;
			remoteInfo = XFAVFoundation;
		};
/* End PBXContainerItemProxy section */

/* Begin PBXFileReference section */
		048FF3A91EF7D114003BF979 /* XFAVFoundation.app */ = {isa = PBXFileReference; explicitFileType = wrapper.application; includeInIndex = 0; path = XFAVFoundation.app; sourceTree = BUILT_PRODUCTS_DIR; };
		048FF3AD1EF7D114003BF979 /* main.m */ = {isa = PBXFileReference; lastKnownFileType = sourcecode.c.objc; path = main.m; sourceTree = "<group>"; };
		048FF3AF1EF7D114003BF979 /* AppDelegate.h */ = {isa = PBXFileReference; lastKnownFileType = sourcecode.c.h; path = AppDelegate.h; sourceTree = "<group>"; };
		048FF3B01EF7D114003BF979 /* AppDelegate.m */ = {isa = PBXFileReference; lastKnownFileType = sourcecode.c.objc; path = AppDelegate.m; sourceTree = "<group>"; };
		048FF3B21EF7D114003BF979 /* ViewController.h */ = {isa = PBXFileReference; lastKnownFileType = sourcecode.c.h; path = ViewController.h; sourceTree = "<group>"; };
		048FF3B31EF7D114003BF979 /* ViewController.m */ = {isa = PBXFileReference; lastKnownFileType = sourcecode.c.objc; path = ViewController.m; sourceTree = "<group>"; };
		048FF3B61EF7D114003BF979 /* Base */ = {isa = PBXFileReference; lastKnownFileType = file.storyboard; name = Base; path = Base.lproj/Main.storyboard; sourceTree = "<group>"; };
		048FF3B81EF7D114003BF979 /* Assets.xcassets */ = {isa = PBXFileReference; lastKnownFileType = folder.assetcatalog; path = Assets.xcassets; sourceTree = "<group>"; };
		048FF3BB1EF7D114003BF979 /* Base */ = {isa = PBXFileReference; lastKnownFileType = file.storyboard; name = Base; path = Base.lproj/LaunchScreen.storyboard; sourceTree = "<group>"; };
		048FF3BD1EF7D114003BF979 /* Info.plist */ = {isa = PBXFileReference; lastKnownFileType = text.plist.xml; path = Info.plist; sourceTree = "<group>"; };
		048FF3C21EF7D114003BF979 /* XFAVFoundationTests.xctest */ = {isa = PBXFileReference; explicitFileType = wrapper.cfbundle; includeInIndex = 0; path = XFAVFoundationTests.xctest; sourceTree = BUILT_PRODUCTS_DIR; };
		048FF3C61EF7D114003BF979 /* XFAVFoundationTests.m */ = {isa = PBXFileReference; lastKnownFileType = sourcecode.c.objc; path = XFAVFoundationTests.m; sourceTree = "<group>"; };
		048FF3C81EF7D114003BF979 /* Info.plist */ = {isa = PBXFileReference; lastKnownFileType = text.plist.xml; path = Info.plist; sourceTree = "<group>"; };
		048FF3CD1EF7D114003BF979 /* XFAVFoundationUITests.xctest */ = {isa = PBXFileReference; explicitFileType = wrapper.cfbundle; includeInIndex = 0; path = XFAVFoundationUITests.xctest; sourceTree = BUILT_PRODUCTS_DIR; };
		048FF3D11EF7D114003BF979 /* XFAVFoundationUITests.m */ = {isa = PBXFileReference; lastKnownFileType = sourcecode.c.objc; path = XFAVFoundationUITests.m; sourceTree = "<group>"; };
		048FF3D31EF7D114003BF979 /* Info.plist */ = {isa = PBXFileReference; lastKnownFileType = text.plist.xml; path = Info.plist; sourceTree = "<group>"; };
		048FF3FB1EF7EF82003BF979 /* XFCameraButton.h */ = {isa = PBXFileReference; fileEncoding = 4; lastKnownFileType = sourcecode.c.h; path = XFCameraButton.h; sourceTree = "<group>"; };
		048FF3FC1EF7EF82003BF979 /* XFCameraButton.m */ = {isa = PBXFileReference; fileEncoding = 4; lastKnownFileType = sourcecode.c.objc; path = XFCameraButton.m; sourceTree = "<group>"; };
		048FF3FD1EF7EF82003BF979 /* XFCameraController.h */ = {isa = PBXFileReference; fileEncoding = 4; lastKnownFileType = sourcecode.c.h; path = XFCameraController.h; sourceTree = "<group>"; };
		048FF3FE1EF7EF82003BF979 /* XFCameraController.m */ = {isa = PBXFileReference; fileEncoding = 4; lastKnownFileType = sourcecode.c.objc; path = XFCameraController.m; sourceTree = "<group>"; };
		048FF3FF1EF7EF82003BF979 /* XFCameraController.xib */ = {isa = PBXFileReference; fileEncoding = 4; lastKnownFileType = file.xib; path = XFCameraController.xib; sourceTree = "<group>"; };
		048FF4011EF7EF82003BF979 /* XFPhotoLibraryManager.h */ = {isa = PBXFileReference; fileEncoding = 4; lastKnownFileType = sourcecode.c.h; path = XFPhotoLibraryManager.h; sourceTree = "<group>"; };
		048FF4021EF7EF82003BF979 /* XFPhotoLibraryManager.m */ = {isa = PBXFileReference; fileEncoding = 4; lastKnownFileType = sourcecode.c.objc; path = XFPhotoLibraryManager.m; sourceTree = "<group>"; };
/* End PBXFileReference section */

/* Begin PBXFrameworksBuildPhase section */
		048FF3A61EF7D114003BF979 /* Frameworks */ = {
			isa = PBXFrameworksBuildPhase;
			buildActionMask = 2147483647;
			files = (
			);
			runOnlyForDeploymentPostprocessing = 0;
		};
		048FF3BF1EF7D114003BF979 /* Frameworks */ = {
			isa = PBXFrameworksBuildPhase;
			buildActionMask = 2147483647;
			files = (
			);
			runOnlyForDeploymentPostprocessing = 0;
		};
		048FF3CA1EF7D114003BF979 /* Frameworks */ = {
			isa = PBXFrameworksBuildPhase;
			buildActionMask = 2147483647;
			files = (
			);
			runOnlyForDeploymentPostprocessing = 0;
		};
/* End PBXFrameworksBuildPhase section */

/* Begin PBXGroup section */
		048FF3A01EF7D114003BF979 = {
			isa = PBXGroup;
			children = (
				048FF3AB1EF7D114003BF979 /* XFAVFoundation */,
				048FF3C51EF7D114003BF979 /* XFAVFoundationTests */,
				048FF3D01EF7D114003BF979 /* XFAVFoundationUITests */,
				048FF3AA1EF7D114003BF979 /* Products */,
			);
			sourceTree = "<group>";
		};
		048FF3AA1EF7D114003BF979 /* Products */ = {
			isa = PBXGroup;
			children = (
				048FF3A91EF7D114003BF979 /* XFAVFoundation.app */,
				048FF3C21EF7D114003BF979 /* XFAVFoundationTests.xctest */,
				048FF3CD1EF7D114003BF979 /* XFAVFoundationUITests.xctest */,
			);
			name = Products;
			sourceTree = "<group>";
		};
		048FF3AB1EF7D114003BF979 /* XFAVFoundation */ = {
			isa = PBXGroup;
			children = (
				048FF3F41EF7EF82003BF979 /* XFAVFoundation */,
				048FF4001EF7EF82003BF979 /* XFPhotoLibraryManager */,
				048FF3AF1EF7D114003BF979 /* AppDelegate.h */,
				048FF3B01EF7D114003BF979 /* AppDelegate.m */,
				048FF3B21EF7D114003BF979 /* ViewController.h */,
				048FF3B31EF7D114003BF979 /* ViewController.m */,
				048FF3B51EF7D114003BF979 /* Main.storyboard */,
				048FF3B81EF7D114003BF979 /* Assets.xcassets */,
				048FF3BA1EF7D114003BF979 /* LaunchScreen.storyboard */,
				048FF3BD1EF7D114003BF979 /* Info.plist */,
				048FF3AC1EF7D114003BF979 /* Supporting Files */,
			);
			path = XFAVFoundation;
			sourceTree = "<group>";
		};
		048FF3AC1EF7D114003BF979 /* Supporting Files */ = {
			isa = PBXGroup;
			children = (
				048FF3AD1EF7D114003BF979 /* main.m */,
			);
			name = "Supporting Files";
			sourceTree = "<group>";
		};
		048FF3C51EF7D114003BF979 /* XFAVFoundationTests */ = {
			isa = PBXGroup;
			children = (
				048FF3C61EF7D114003BF979 /* XFAVFoundationTests.m */,
				048FF3C81EF7D114003BF979 /* Info.plist */,
			);
			path = XFAVFoundationTests;
			sourceTree = "<group>";
		};
		048FF3D01EF7D114003BF979 /* XFAVFoundationUITests */ = {
			isa = PBXGroup;
			children = (
				048FF3D11EF7D114003BF979 /* XFAVFoundationUITests.m */,
				048FF3D31EF7D114003BF979 /* Info.plist */,
			);
			path = XFAVFoundationUITests;
			sourceTree = "<group>";
		};
		048FF3F41EF7EF82003BF979 /* XFAVFoundation */ = {
			isa = PBXGroup;
			children = (
				048FF3FA1EF7EF82003BF979 /* XFCameraButton */,
				048FF3FD1EF7EF82003BF979 /* XFCameraController.h */,
				048FF3FE1EF7EF82003BF979 /* XFCameraController.m */,
				048FF3FF1EF7EF82003BF979 /* XFCameraController.xib */,
			);
			path = XFAVFoundation;
			sourceTree = "<group>";
		};
		048FF3FA1EF7EF82003BF979 /* XFCameraButton */ = {
			isa = PBXGroup;
			children = (
				048FF3FB1EF7EF82003BF979 /* XFCameraButton.h */,
				048FF3FC1EF7EF82003BF979 /* XFCameraButton.m */,
			);
			path = XFCameraButton;
			sourceTree = "<group>";
		};
		048FF4001EF7EF82003BF979 /* XFPhotoLibraryManager */ = {
			isa = PBXGroup;
			children = (
				048FF4011EF7EF82003BF979 /* XFPhotoLibraryManager.h */,
				048FF4021EF7EF82003BF979 /* XFPhotoLibraryManager.m */,
			);
			path = XFPhotoLibraryManager;
			sourceTree = "<group>";
		};
/* End PBXGroup section */

/* Begin PBXNativeTarget section */
		048FF3A81EF7D114003BF979 /* XFAVFoundation */ = {
			isa = PBXNativeTarget;
			buildConfigurationList = 048FF3D61EF7D114003BF979 /* Build configuration list for PBXNativeTarget "XFAVFoundation" */;
			buildPhases = (
				048FF3A51EF7D114003BF979 /* Sources */,
				048FF3A61EF7D114003BF979 /* Frameworks */,
				048FF3A71EF7D114003BF979 /* Resources */,
			);
			buildRules = (
			);
			dependencies = (
			);
			name = XFAVFoundation;
			productName = XFAVFoundation;
			productReference = 048FF3A91EF7D114003BF979 /* XFAVFoundation.app */;
			productType = "com.apple.product-type.application";
		};
		048FF3C11EF7D114003BF979 /* XFAVFoundationTests */ = {
			isa = PBXNativeTarget;
			buildConfigurationList = 048FF3D91EF7D114003BF979 /* Build configuration list for PBXNativeTarget "XFAVFoundationTests" */;
			buildPhases = (
				048FF3BE1EF7D114003BF979 /* Sources */,
				048FF3BF1EF7D114003BF979 /* Frameworks */,
				048FF3C01EF7D114003BF979 /* Resources */,
			);
			buildRules = (
			);
			dependencies = (
				048FF3C41EF7D114003BF979 /* PBXTargetDependency */,
			);
			name = XFAVFoundationTests;
			productName = XFAVFoundationTests;
			productReference = 048FF3C21EF7D114003BF979 /* XFAVFoundationTests.xctest */;
			productType = "com.apple.product-type.bundle.unit-test";
		};
		048FF3CC1EF7D114003BF979 /* XFAVFoundationUITests */ = {
			isa = PBXNativeTarget;
			buildConfigurationList = 048FF3DC1EF7D114003BF979 /* Build configuration list for PBXNativeTarget "XFAVFoundationUITests" */;
			buildPhases = (
				048FF3C91EF7D114003BF979 /* Sources */,
				048FF3CA1EF7D114003BF979 /* Frameworks */,
				048FF3CB1EF7D114003BF979 /* Resources */,
			);
			buildRules = (
			);
			dependencies = (
				048FF3CF1EF7D114003BF979 /* PBXTargetDependency */,
			);
			name = XFAVFoundationUITests;
			productName = XFAVFoundationUITests;
			productReference = 048FF3CD1EF7D114003BF979 /* XFAVFoundationUITests.xctest */;
			productType = "com.apple.product-type.bundle.ui-testing";
		};
/* End PBXNativeTarget section */

/* Begin PBXProject section */
		048FF3A11EF7D114003BF979 /* Project object */ = {
			isa = PBXProject;
			attributes = {
				LastUpgradeCheck = 0830;
				ORGANIZATIONNAME = LXF;
				TargetAttributes = {
					048FF3A81EF7D114003BF979 = {
						CreatedOnToolsVersion = 8.3.3;
						DevelopmentTeam = 7DQP5893FJ;
						ProvisioningStyle = Automatic;
					};
					048FF3C11EF7D114003BF979 = {
						CreatedOnToolsVersion = 8.3.3;
						DevelopmentTeam = Y6RTP7B9HD;
						ProvisioningStyle = Automatic;
						TestTargetID = 048FF3A81EF7D114003BF979;
					};
					048FF3CC1EF7D114003BF979 = {
						CreatedOnToolsVersion = 8.3.3;
						DevelopmentTeam = Y6RTP7B9HD;
						ProvisioningStyle = Automatic;
						TestTargetID = 048FF3A81EF7D114003BF979;
					};
				};
			};
			buildConfigurationList = 048FF3A41EF7D114003BF979 /* Build configuration list for PBXProject "XFAVFoundation" */;
			compatibilityVersion = "Xcode 3.2";
			developmentRegion = English;
			hasScannedForEncodings = 0;
			knownRegions = (
				en,
				Base,
			);
			mainGroup = 048FF3A01EF7D114003BF979;
			productRefGroup = 048FF3AA1EF7D114003BF979 /* Products */;
			projectDirPath = "";
			projectRoot = "";
			targets = (
				048FF3A81EF7D114003BF979 /* XFAVFoundation */,
				048FF3C11EF7D114003BF979 /* XFAVFoundationTests */,
				048FF3CC1EF7D114003BF979 /* XFAVFoundationUITests */,
			);
		};
/* End PBXProject section */

/* Begin PBXResourcesBuildPhase section */
		048FF3A71EF7D114003BF979 /* Resources */ = {
			isa = PBXResourcesBuildPhase;
			buildActionMask = 2147483647;
			files = (
				048FF3BC1EF7D114003BF979 /* LaunchScreen.storyboard in Resources */,
				048FF3B91EF7D114003BF979 /* Assets.xcassets in Resources */,
				048FF4071EF7EF82003BF979 /* XFCameraController.xib in Resources */,
				048FF3B71EF7D114003BF979 /* Main.storyboard in Resources */,
			);
			runOnlyForDeploymentPostprocessing = 0;
		};
		048FF3C01EF7D114003BF979 /* Resources */ = {
			isa = PBXResourcesBuildPhase;
			buildActionMask = 2147483647;
			files = (
			);
			runOnlyForDeploymentPostprocessing = 0;
		};
		048FF3CB1EF7D114003BF979 /* Resources */ = {
			isa = PBXResourcesBuildPhase;
			buildActionMask = 2147483647;
			files = (
			);
			runOnlyForDeploymentPostprocessing = 0;
		};
/* End PBXResourcesBuildPhase section */

/* Begin PBXSourcesBuildPhase section */
		048FF3A51EF7D114003BF979 /* Sources */ = {
			isa = PBXSourcesBuildPhase;
			buildActionMask = 2147483647;
			files = (
				048FF3B41EF7D114003BF979 /* ViewController.m in Sources */,
				048FF4081EF7EF82003BF979 /* XFPhotoLibraryManager.m in Sources */,
				048FF4051EF7EF82003BF979 /* XFCameraButton.m in Sources */,
				048FF3B11EF7D114003BF979 /* AppDelegate.m in Sources */,
				048FF3AE1EF7D114003BF979 /* main.m in Sources */,
				048FF4061EF7EF82003BF979 /* XFCameraController.m in Sources */,
			);
			runOnlyForDeploymentPostprocessing = 0;
		};
		048FF3BE1EF7D114003BF979 /* Sources */ = {
			isa = PBXSourcesBuildPhase;
			buildActionMask = 2147483647;
			files = (
				048FF3C71EF7D114003BF979 /* XFAVFoundationTests.m in Sources */,
			);
			runOnlyForDeploymentPostprocessing = 0;
		};
		048FF3C91EF7D114003BF979 /* Sources */ = {
			isa = PBXSourcesBuildPhase;
			buildActionMask = 2147483647;
			files = (
				048FF3D21EF7D114003BF979 /* XFAVFoundationUITests.m in Sources */,
			);
			runOnlyForDeploymentPostprocessing = 0;
		};
/* End PBXSourcesBuildPhase section */

/* Begin PBXTargetDependency section */
		048FF3C41EF7D114003BF979 /* PBXTargetDependency */ = {
			isa = PBXTargetDependency;
			target = 048FF3A81EF7D114003BF979 /* XFAVFoundation */;
			targetProxy = 048FF3C31EF7D114003BF979 /* PBXContainerItemProxy */;
		};
		048FF3CF1EF7D114003BF979 /* PBXTargetDependency */ = {
			isa = PBXTargetDependency;
			target = 048FF3A81EF7D114003BF979 /* XFAVFoundation */;
			targetProxy = 048FF3CE1EF7D114003BF979 /* PBXContainerItemProxy */;
		};
/* End PBXTargetDependency section */

/* Begin PBXVariantGroup section */
		048FF3B51EF7D114003BF979 /* Main.storyboard */ = {
			isa = PBXVariantGroup;
			children = (
				048FF3B61EF7D114003BF979 /* Base */,
			);
			name = Main.storyboard;
			sourceTree = "<group>";
		};
		048FF3BA1EF7D114003BF979 /* LaunchScreen.storyboard */ = {
			isa = PBXVariantGroup;
			children = (
				048FF3BB1EF7D114003BF979 /* Base */,
			);
			name = LaunchScreen.storyboard;
			sourceTree = "<group>";
		};
/* End PBXVariantGroup section */

/* Begin XCBuildConfiguration section */
		048FF3D41EF7D114003BF979 /* Debug */ = {
			isa = XCBuildConfiguration;
			buildSettings = {
				ALWAYS_SEARCH_USER_PATHS = NO;
				CLANG_ANALYZER_NONNULL = YES;
				CLANG_ANALYZER_NUMBER_OBJECT_CONVERSION = YES_AGGRESSIVE;
				CLANG_CXX_LANGUAGE_STANDARD = "gnu++0x";
				CLANG_CXX_LIBRARY = "libc++";
				CLANG_ENABLE_MODULES = YES;
				CLANG_ENABLE_OBJC_ARC = YES;
				CLANG_WARN_BOOL_CONVERSION = YES;
				CLANG_WARN_CONSTANT_CONVERSION = YES;
				CLANG_WARN_DIRECT_OBJC_ISA_USAGE = YES_ERROR;
				CLANG_WARN_DOCUMENTATION_COMMENTS = YES;
				CLANG_WARN_EMPTY_BODY = YES;
				CLANG_WARN_ENUM_CONVERSION = YES;
				CLANG_WARN_INFINITE_RECURSION = YES;
				CLANG_WARN_INT_CONVERSION = YES;
				CLANG_WARN_OBJC_ROOT_CLASS = YES_ERROR;
				CLANG_WARN_SUSPICIOUS_MOVE = YES;
				CLANG_WARN_UNREACHABLE_CODE = YES;
				CLANG_WARN__DUPLICATE_METHOD_MATCH = YES;
				"CODE_SIGN_IDENTITY[sdk=iphoneos*]" = "iPhone Developer";
				COPY_PHASE_STRIP = NO;
				DEBUG_INFORMATION_FORMAT = dwarf;
				ENABLE_STRICT_OBJC_MSGSEND = YES;
				ENABLE_TESTABILITY = YES;
				GCC_C_LANGUAGE_STANDARD = gnu99;
				GCC_DYNAMIC_NO_PIC = NO;
				GCC_NO_COMMON_BLOCKS = YES;
				GCC_OPTIMIZATION_LEVEL = 0;
				GCC_PREPROCESSOR_DEFINITIONS = (
					"DEBUG=1",
					"$(inherited)",
				);
				GCC_WARN_64_TO_32_BIT_CONVERSION = YES;
				GCC_WARN_ABOUT_RETURN_TYPE = YES_ERROR;
				GCC_WARN_UNDECLARED_SELECTOR = YES;
				GCC_WARN_UNINITIALIZED_AUTOS = YES_AGGRESSIVE;
				GCC_WARN_UNUSED_FUNCTION = YES;
				GCC_WARN_UNUSED_VARIABLE = YES;
				IPHONEOS_DEPLOYMENT_TARGET = 10.3;
				MTL_ENABLE_DEBUG_INFO = YES;
				ONLY_ACTIVE_ARCH = YES;
				SDKROOT = iphoneos;
				TARGETED_DEVICE_FAMILY = "1,2";
			};
			name = Debug;
		};
		048FF3D51EF7D114003BF979 /* Release */ = {
			isa = XCBuildConfiguration;
			buildSettings = {
				ALWAYS_SEARCH_USER_PATHS = NO;
				CLANG_ANALYZER_NONNULL = YES;
				CLANG_ANALYZER_NUMBER_OBJECT_CONVERSION = YES_AGGRESSIVE;
				CLANG_CXX_LANGUAGE_STANDARD = "gnu++0x";
				CLANG_CXX_LIBRARY = "libc++";
				CLANG_ENABLE_MODULES = YES;
				CLANG_ENABLE_OBJC_ARC = YES;
				CLANG_WARN_BOOL_CONVERSION = YES;
				CLANG_WARN_CONSTANT_CONVERSION = YES;
				CLANG_WARN_DIRECT_OBJC_ISA_USAGE = YES_ERROR;
				CLANG_WARN_DOCUMENTATION_COMMENTS = YES;
				CLANG_WARN_EMPTY_BODY = YES;
				CLANG_WARN_ENUM_CONVERSION = YES;
				CLANG_WARN_INFINITE_RECURSION = YES;
				CLANG_WARN_INT_CONVERSION = YES;
				CLANG_WARN_OBJC_ROOT_CLASS = YES_ERROR;
				CLANG_WARN_SUSPICIOUS_MOVE = YES;
				CLANG_WARN_UNREACHABLE_CODE = YES;
				CLANG_WARN__DUPLICATE_METHOD_MATCH = YES;
				"CODE_SIGN_IDENTITY[sdk=iphoneos*]" = "iPhone Developer";
				COPY_PHASE_STRIP = NO;
				DEBUG_INFORMATION_FORMAT = "dwarf-with-dsym";
				ENABLE_NS_ASSERTIONS = NO;
				ENABLE_STRICT_OBJC_MSGSEND = YES;
				GCC_C_LANGUAGE_STANDARD = gnu99;
				GCC_NO_COMMON_BLOCKS = YES;
				GCC_WARN_64_TO_32_BIT_CONVERSION = YES;
				GCC_WARN_ABOUT_RETURN_TYPE = YES_ERROR;
				GCC_WARN_UNDECLARED_SELECTOR = YES;
				GCC_WARN_UNINITIALIZED_AUTOS = YES_AGGRESSIVE;
				GCC_WARN_UNUSED_FUNCTION = YES;
				GCC_WARN_UNUSED_VARIABLE = YES;
				IPHONEOS_DEPLOYMENT_TARGET = 10.3;
				MTL_ENABLE_DEBUG_INFO = NO;
				SDKROOT = iphoneos;
				TARGETED_DEVICE_FAMILY = "1,2";
				VALIDATE_PRODUCT = YES;
			};
			name = Release;
		};
		048FF3D71EF7D114003BF979 /* Debug */ = {
			isa = XCBuildConfiguration;
			buildSettings = {
				ASSETCATALOG_COMPILER_APPICON_NAME = AppIcon;
				DEVELOPMENT_TEAM = 7DQP5893FJ;
				INFOPLIST_FILE = XFAVFoundation/Info.plist;
				IPHONEOS_DEPLOYMENT_TARGET = 8.0;
				LD_RUNPATH_SEARCH_PATHS = "$(inherited) @executable_path/Frameworks";
				PRODUCT_BUNDLE_IDENTIFIER = com.lxf.XFAVFoundation;
				PRODUCT_NAME = "$(TARGET_NAME)";
			};
			name = Debug;
		};
		048FF3D81EF7D114003BF979 /* Release */ = {
			isa = XCBuildConfiguration;
			buildSettings = {
				ASSETCATALOG_COMPILER_APPICON_NAME = AppIcon;
				DEVELOPMENT_TEAM = 7DQP5893FJ;
				INFOPLIST_FILE = XFAVFoundation/Info.plist;
				IPHONEOS_DEPLOYMENT_TARGET = 8.0;
				LD_RUNPATH_SEARCH_PATHS = "$(inherited) @executable_path/Frameworks";
				PRODUCT_BUNDLE_IDENTIFIER = com.lxf.XFAVFoundation;
				PRODUCT_NAME = "$(TARGET_NAME)";
			};
			name = Release;
		};
		048FF3DA1EF7D114003BF979 /* Debug */ = {
			isa = XCBuildConfiguration;
			buildSettings = {
				BUNDLE_LOADER = "$(TEST_HOST)";
				DEVELOPMENT_TEAM = Y6RTP7B9HD;
				INFOPLIST_FILE = XFAVFoundationTests/Info.plist;
				LD_RUNPATH_SEARCH_PATHS = "$(inherited) @executable_path/Frameworks @loader_path/Frameworks";
				PRODUCT_BUNDLE_IDENTIFIER = XF.XFAVFoundationTests;
				PRODUCT_NAME = "$(TARGET_NAME)";
				TEST_HOST = "$(BUILT_PRODUCTS_DIR)/XFAVFoundation.app/XFAVFoundation";
			};
			name = Debug;
		};
		048FF3DB1EF7D114003BF979 /* Release */ = {
			isa = XCBuildConfiguration;
			buildSettings = {
				BUNDLE_LOADER = "$(TEST_HOST)";
				DEVELOPMENT_TEAM = Y6RTP7B9HD;
				INFOPLIST_FILE = XFAVFoundationTests/Info.plist;
				LD_RUNPATH_SEARCH_PATHS = "$(inherited) @executable_path/Frameworks @loader_path/Frameworks";
				PRODUCT_BUNDLE_IDENTIFIER = XF.XFAVFoundationTests;
				PRODUCT_NAME = "$(TARGET_NAME)";
				TEST_HOST = "$(BUILT_PRODUCTS_DIR)/XFAVFoundation.app/XFAVFoundation";
			};
			name = Release;
		};
		048FF3DD1EF7D114003BF979 /* Debug */ = {
			isa = XCBuildConfiguration;
			buildSettings = {
				DEVELOPMENT_TEAM = Y6RTP7B9HD;
				INFOPLIST_FILE = XFAVFoundationUITests/Info.plist;
				LD_RUNPATH_SEARCH_PATHS = "$(inherited) @executable_path/Frameworks @loader_path/Frameworks";
				PRODUCT_BUNDLE_IDENTIFIER = XF.XFAVFoundationUITests;
				PRODUCT_NAME = "$(TARGET_NAME)";
				TEST_TARGET_NAME = XFAVFoundation;
			};
			name = Debug;
		};
		048FF3DE1EF7D114003BF979 /* Release */ = {
			isa = XCBuildConfiguration;
			buildSettings = {
				DEVELOPMENT_TEAM = Y6RTP7B9HD;
				INFOPLIST_FILE = XFAVFoundationUITests/Info.plist;
				LD_RUNPATH_SEARCH_PATHS = "$(inherited) @executable_path/Frameworks @loader_path/Frameworks";
				PRODUCT_BUNDLE_IDENTIFIER = XF.XFAVFoundationUITests;
				PRODUCT_NAME = "$(TARGET_NAME)";
				TEST_TARGET_NAME = XFAVFoundation;
			};
			name = Release;
		};
/* End XCBuildConfiguration section */

/* Begin XCConfigurationList section */
		048FF3A41EF7D114003BF979 /* Build configuration list for PBXProject "XFAVFoundation" */ = {
			isa = XCConfigurationList;
			buildConfigurations = (
				048FF3D41EF7D114003BF979 /* Debug */,
				048FF3D51EF7D114003BF979 /* Release */,
			);
			defaultConfigurationIsVisible = 0;
			defaultConfigurationName = Release;
		};
		048FF3D61EF7D114003BF979 /* Build configuration list for PBXNativeTarget "XFAVFoundation" */ = {
			isa = XCConfigurationList;
			buildConfigurations = (
				048FF3D71EF7D114003BF979 /* Debug */,
				048FF3D81EF7D114003BF979 /* Release */,
			);
			defaultConfigurationIsVisible = 0;
			defaultConfigurationName = Release;
		};
		048FF3D91EF7D114003BF979 /* Build configuration list for PBXNativeTarget "XFAVFoundationTests" */ = {
			isa = XCConfigurationList;
			buildConfigurations = (
				048FF3DA1EF7D114003BF979 /* Debug */,
				048FF3DB1EF7D114003BF979 /* Release */,
			);
			defaultConfigurationIsVisible = 0;
			defaultConfigurationName = Release;
		};
		048FF3DC1EF7D114003BF979 /* Build configuration list for PBXNativeTarget "XFAVFoundationUITests" */ = {
			isa = XCConfigurationList;
			buildConfigurations = (
				048FF3DD1EF7D114003BF979 /* Debug */,
				048FF3DE1EF7D114003BF979 /* Release */,
			);
			defaultConfigurationIsVisible = 0;
			defaultConfigurationName = Release;
		};
/* End XCConfigurationList section */
	};
	rootObject = 048FF3A11EF7D114003BF979 /* Project object */;
}
